# Pinned by uv pip compile rather than uv.lock, because plain pip installs a requirements file and CI, the image and start.sh all have pip.
# This file was autogenerated by uv via the following command:
#    scripts/lock_python.sh
abnf==2.2.0
    # via
    #   -c requirements.lock
    #   polyfile-weave
annotated-doc==0.0.5
    # via
    #   -c requirements.lock
    #   fastapi
annotated-types==0.8.0
    # via
    #   -c requirements.lock
    #   pydantic
anyio==4.15.1
    # via
    #   -c requirements.lock
    #   gql
    #   httpx
    #   httpx2
    #   openai
    #   starlette
attrs==26.1.0
    # via
    #   -c requirements.lock
    #   jsonschema
    #   referencing
cachetools==7.2.0
    # via
    #   -c requirements.lock
    #   weave
certifi==2026.7.22
    # via
    #   -c requirements.lock
    #   httpcore
    #   httpx
    #   requests
    #   sentry-sdk
cffi==2.1.1 ; (python_full_version < '3.15' and implementation_name == 'pypy' and sys_platform != 'emscripten') or platform_python_implementation != 'PyPy'
    # via
    #   -c requirements.lock
    #   cryptography
    #   pyzmq
chardet==7.6.0
    # via
    #   -c requirements.lock
    #   polyfile-weave
charset-normalizer==3.5.1
    # via
    #   -c requirements.lock
    #   pdfminer-six
    #   requests
cint==1.0.0
    # via
    #   -c requirements.lock
    #   polyfile-weave
click==8.5.0
    # via
    #   -c requirements.lock
    #   marimo
    #   uvicorn
    #   wandb
    #   weave
colorama==0.4.6 ; sys_platform == 'win32'
    # via pytest
cryptography==50.0.1
    # via
    #   -c requirements.lock
    #   pdfminer-six
    #   standardphysics-api
diskcache-weave==5.6.3.post1
    # via
    #   -c requirements.lock
    #   weave
distro==1.9.0
    # via
    #   -c requirements.lock
    #   weave
dnspython==2.8.0
    # via
    #   -c requirements.lock
    #   email-validator
docutils==0.23
    # via marimo
email-validator==2.3.0
    # via
    #   -c requirements.lock
    #   standardphysics-api
fast-simplification==0.2.0
    # via
    #   -c requirements.lock
    #   standardphysics-pipeline
fastapi==0.141.1
    # via
    #   -c requirements.lock
    #   standardphysics-api
fickling==0.1.12
    # via
    #   -c requirements.lock
    #   polyfile-weave
filelock==4.0.4
    # via
    #   -c requirements.lock
    #   polyfile-weave
googleapis-common-protos==1.75.4
    # via
    #   -c requirements.lock
    #   opentelemetry-exporter-otlp-proto-http
gql==4.4.0
    # via
    #   -c requirements.lock
    #   weave
graphql-core==3.3.0
    # via
    #   -c requirements.lock
    #   gql
graphviz==0.21
    # via
    #   -c requirements.lock
    #   polyfile-weave
h11==0.16.0
    # via
    #   -c requirements.lock
    #   httpcore
    #   httpcore2
    #   uvicorn
h2==4.4.1
    # via
    #   -c requirements.lock
    #   httpx
hpack==4.2.0
    # via
    #   -c requirements.lock
    #   h2
httpcore==1.0.9
    # via
    #   -c requirements.lock
    #   httpx
httpcore2==2.13.1 ; sys_platform != 'emscripten'
    # via
    #   -c requirements.lock
    #   httpx2
httpx==0.28.1
    # via
    #   -c requirements.lock
    #   gql
    #   standardphysics-api
httpx2==2.13.1
    # via
    #   -c requirements.lock
    #   openai
httpx2-jsfetch==1.0 ; python_full_version >= '3.12' and sys_platform == 'emscripten'
    # via
    #   -c requirements.lock
    #   httpx2
hyperframe==6.1.0
    # via
    #   -c requirements.lock
    #   h2
idna==3.20
    # via
    #   -c requirements.lock
    #   anyio
    #   email-validator
    #   httpx
    #   httpx2
    #   requests
    #   yarl
iniconfig==2.3.0
    # via pytest
intervaltree==3.2.1
    # via
    #   -c requirements.lock
    #   polyfile-weave
itsdangerous==2.2.0
    # via marimo
jedi==0.20.0
    # via marimo
jinja2==3.1.6
    # via
    #   -c requirements.lock
    #   polyfile-weave
jiter==0.17.0
    # via
    #   -c requirements.lock
    #   openai
jsonschema==4.26.0
    # via
    #   -c requirements.lock
    #   weave
jsonschema-specifications==2025.9.1
    # via
    #   -c requirements.lock
    #   jsonschema
kaitaistruct==0.11
    # via
    #   -c requirements.lock
    #   polyfile-weave
llvmlite==0.49.0
    # via numba
loro==1.16.2 ; sys_platform != 'android' and sys_platform != 'emscripten'
    # via marimo
marimo==0.25.0
    # via standardphysics-agents
markdown==3.11
    # via
    #   marimo
    #   pymdown-extensions
markupsafe==3.0.3
    # via
    #   -c requirements.lock
    #   jinja2
msgspec==0.21.1
    # via marimo
multidict==7.0.0
    # via
    #   -c requirements.lock
    #   yarl
narwhals==2.26.0
    # via marimo
networkx==3.6.1 ; python_full_version < '3.12'
    # via
    #   -c requirements.lock
    #   polyfile-weave
networkx==3.7 ; python_full_version >= '3.12'
    # via
    #   -c requirements.lock
    #   polyfile-weave
numba==0.67.0
    # via standardphysics-pipeline
numpy==2.4.6 ; python_full_version < '3.12'
    # via
    #   -c requirements.lock
    #   fast-simplification
    #   numba
    #   opencv-python-headless
    #   scipy
    #   standardphysics-pipeline
    #   trimesh
numpy==2.5.3 ; python_full_version >= '3.12'
    # via
    #   -c requirements.lock
    #   fast-simplification
    #   numba
    #   opencv-python-headless
    #   scipy
    #   standardphysics-pipeline
    #   trimesh
openai==3.19.2
    # via
    #   -c requirements.lock
    #   standardphysics-agents
opencv-python-headless==5.0.0.93
    # via standardphysics-pipeline
opentelemetry-api==1.44.0
    # via
    #   -c requirements.lock
    #   opentelemetry-exporter-otlp-proto-http
    #   opentelemetry-sdk
    #   opentelemetry-semantic-conventions
    #   wandb
    #   weave
opentelemetry-exporter-otlp-proto-common==1.44.0
    # via
    #   -c requirements.lock
    #   opentelemetry-exporter-otlp-proto-http
opentelemetry-exporter-otlp-proto-http==1.44.0
    # via
    #   -c requirements.lock
    #   wandb
    #   weave
opentelemetry-proto==1.44.0
    # via
    #   -c requirements.lock
    #   opentelemetry-exporter-otlp-proto-common
    #   opentelemetry-exporter-otlp-proto-http
opentelemetry-sdk==1.44.0
    # via
    #   -c requirements.lock
    #   opentelemetry-exporter-otlp-proto-http
    #   wandb
    #   weave
opentelemetry-semantic-conventions==0.65b0
    # via
    #   -c requirements.lock
    #   opentelemetry-sdk
packaging==26.3
    # via
    #   -c requirements.lock
    #   marimo
    #   pytest
    #   wandb
    #   weave
parso==0.8.7
    # via jedi
pdfminer-six==20260107
    # via
    #   -c requirements.lock
    #   polyfile-weave
pillow==12.3.0
    # via
    #   -c requirements.lock
    #   polyfile-weave
    #   standardphysics-pipeline
platformdirs==4.12.0
    # via
    #   -c requirements.lock
    #   wandb
pluggy==1.6.0
    # via pytest
polyfile-weave==0.5.9
    # via
    #   -c requirements.lock
    #   weave
propcache==0.5.4
    # via
    #   -c requirements.lock
    #   yarl
protobuf==7.36.2
    # via
    #   -c requirements.lock
    #   googleapis-common-protos
    #   opentelemetry-proto
    #   wandb
psutil==7.2.2 ; sys_platform != 'android' and sys_platform != 'emscripten'
    # via marimo
pycparser==3.0 ; (python_full_version < '3.15' and implementation_name == 'pypy' and platform_python_implementation == 'PyPy' and sys_platform != 'emscripten') or (implementation_name != 'PyPy' and platform_python_implementation != 'PyPy')
    # via
    #   -c requirements.lock
    #   cffi
pydantic==2.13.5
    # via
    #   -c requirements.lock
    #   fastapi
    #   openai
    #   standardphysics-agents
    #   standardphysics-contracts
    #   standardphysics-fixtures
    #   standardphysics-pipeline
    #   wandb
    #   weave
pydantic-core==2.46.5
    # via
    #   -c requirements.lock
    #   pydantic
pygments==2.21.0
    # via
    #   marimo
    #   pytest
pymdown-extensions==11.0.2
    # via marimo
pyreadline3==3.5.6 ; sys_platform == 'win32'
    # via
    #   -c requirements.lock
    #   polyfile-weave
pytest==9.1.1
    # via
    #   -r requirements-dev.in
    #   standardphysics-api
python-multipart==0.0.32
    # via marimo
pyyaml==6.0.3
    # via
    #   -c requirements.lock
    #   marimo
    #   polyfile-weave
    #   pymdown-extensions
    #   wandb
pyzmq==27.2.0 ; python_full_version < '3.15' and sys_platform != 'emscripten'
    # via marimo
referencing==0.37.0
    # via
    #   -c requirements.lock
    #   jsonschema
    #   jsonschema-specifications
requests==2.34.2
    # via
    #   -c requirements.lock
    #   opentelemetry-exporter-otlp-proto-http
    #   wandb
rpds-py==2026.6.3
    # via
    #   -c requirements.lock
    #   jsonschema
    #   referencing
scipy==1.17.1 ; python_full_version < '3.12'
    # via
    #   -c requirements.lock
    #   standardphysics-pipeline
scipy==1.18.1 ; python_full_version >= '3.12'
    # via
    #   -c requirements.lock
    #   standardphysics-pipeline
sentry-sdk==2.70.0
    # via
    #   -c requirements.lock
    #   weave
sniffio==1.3.1
    # via
    #   -c requirements.lock
    #   openai
    #   weave
sortedcontainers==2.4.0
    # via
    #   -c requirements.lock
    #   intervaltree
starlette==1.7.0
    # via
    #   -c requirements.lock
    #   fastapi
    #   marimo
tenacity==9.1.4
    # via
    #   -c requirements.lock
    #   gql
    #   weave
tomlkit==0.15.1
    # via marimo
trimesh==5.1.0
    # via standardphysics-pipeline
truststore==0.10.4 ; sys_platform != 'emscripten'
    # via
    #   -c requirements.lock
    #   httpcore2
    #   httpx2
typing-extensions==4.16.0
    # via
    #   -c requirements.lock
    #   abnf
    #   anyio
    #   fastapi
    #   httpx2
    #   marimo
    #   openai
    #   opentelemetry-api
    #   opentelemetry-exporter-otlp-proto-http
    #   opentelemetry-sdk
    #   opentelemetry-semantic-conventions
    #   pydantic
    #   pydantic-core
    #   referencing
    #   starlette
    #   typing-inspection
    #   wandb
typing-inspection==0.4.4
    # via
    #   -c requirements.lock
    #   fastapi
    #   pydantic
tzdata==2026.4 ; sys_platform == 'win32'
    # via
    #   -c requirements.lock
    #   weave
urllib3==2.8.0
    # via
    #   -c requirements.lock
    #   requests
    #   sentry-sdk
uvicorn==0.52.4
    # via
    #   -c requirements.lock
    #   marimo
    #   standardphysics-api
wandb==0.30.0
    # via
    #   -c requirements.lock
    #   standardphysics-agents
weave==0.53.11
    # via
    #   -c requirements.lock
    #   standardphysics-agents
websockets==17.1 ; sys_platform != 'emscripten'
    # via marimo
xxhash==4.0.1
    # via
    #   -c requirements.lock
    #   wandb
yarl==1.25.1
    # via
    #   -c requirements.lock
    #   gql

# The following packages were excluded from the output:
# loopforge
# standardphysics-contracts
# standardphysics-fixtures
# standardphysics-pipeline
# standardphysics-agents
# standardphysics-api
